
Microsoft Visual Studio Solution File, Format Version 12.00
# Visual Studio Version 17
VisualStudioVersion = 17.1.32414.318
MinimumVisualStudioVersion = 10.0.40219.1
Project("{FAE04EC0-301F-11D3-BF4B-00C04F79EFBC}") = "Proje_Hastane", "Proje_Hastane\Proje_Hastane.csproj", "{C7915B36-E8E4-47D4-BBEB-207B6467B55D}"
EndProject
Global
	GlobalSection(SolutionConfigurationPlatforms) = preSolution
		Debug|Any CPU = Debug|Any CPU
		Release|Any CPU = Release|Any CPU
	EndGlobalSection
	GlobalSection(ProjectConfigurationPlatforms) = postSolution
		{C7915B36-E8E4-47D4-BBEB-207B6467B55D}.Debug|Any CPU.ActiveCfg = Debug|Any CPU
		{C7915B36-E8E4-47D4-BBEB-207B6467B55D}.Debug|Any CPU.Build.0 = Debug|Any CPU
		{C7915B36-E8E4-47D4-BBEB-207B6467B55D}.Release|Any CPU.ActiveCfg = Release|Any CPU
		{C7915B36-E8E4-47D4-BBEB-207B6467B55D}.Release|Any CPU.Build.0 = Release|Any CPU
	EndGlobalSection
	GlobalSection(SolutionProperties) = preSolution
		HideSolutionNode = FALSE
	EndGlobalSection
	GlobalSection(ExtensibilityGlobals) = postSolution
		SolutionGuid = {4F0611A8-703A-4DD5-83BE-8C01A650AFBC}
	EndGlobalSection
EndGlobal
